
Microsoft Visual Studio Solution File, Format Version 12.00
# Visual Studio Version 17
VisualStudioVersion = 17.9.34607.119
MinimumVisualStudioVersion = 10.0.40219.1
Project("{FAE04EC0-301F-11D3-BF4B-00C04F79EFBC}") = "AutoCheckIn.API", "AutoCheckIn.API\AutoCheckIn.API.csproj", "{1EA74EEA-92F2-4BC6-AB8C-2C4EEA847004}"
EndProject
Project("{FAE04EC0-301F-11D3-BF4B-00C04F79EFBC}") = "AutoCheckIn.Domain", "AutoCheckIn.Domain\AutoCheckIn.Domain.csproj", "{91840819-50E9-4A30-B22B-3D89D5C9C692}"
EndProject
Project("{FAE04EC0-301F-11D3-BF4B-00C04F79EFBC}") = "AutoCheckIn.App", "AutoCheckIn.Application\AutoCheckIn.App.csproj", "{EADE4D06-4340-49CC-B727-224EA778F9E4}"
EndProject
Project("{FAE04EC0-301F-11D3-BF4B-00C04F79EFBC}") = "AutoCheckIn.Repo", "AutoCheckIn.Repo\AutoCheckIn.Repo.csproj", "{0015B8BC-0D24-4C9F-AADA-83D9AD838D69}"
EndProject
Global
	GlobalSection(SolutionConfigurationPlatforms) = preSolution
		Debug|Any CPU = Debug|Any CPU
		Release|Any CPU = Release|Any CPU
	EndGlobalSection
	GlobalSection(ProjectConfigurationPlatforms) = postSolution
		{1EA74EEA-92F2-4BC6-AB8C-2C4EEA847004}.Debug|Any CPU.ActiveCfg = Debug|Any CPU
		{1EA74EEA-92F2-4BC6-AB8C-2C4EEA847004}.Debug|Any CPU.Build.0 = Debug|Any CPU
		{1EA74EEA-92F2-4BC6-AB8C-2C4EEA847004}.Release|Any CPU.ActiveCfg = Release|Any CPU
		{1EA74EEA-92F2-4BC6-AB8C-2C4EEA847004}.Release|Any CPU.Build.0 = Release|Any CPU
		{91840819-50E9-4A30-B22B-3D89D5C9C692}.Debug|Any CPU.ActiveCfg = Debug|Any CPU
		{91840819-50E9-4A30-B22B-3D89D5C9C692}.Debug|Any CPU.Build.0 = Debug|Any CPU
		{91840819-50E9-4A30-B22B-3D89D5C9C692}.Release|Any CPU.ActiveCfg = Release|Any CPU
		{91840819-50E9-4A30-B22B-3D89D5C9C692}.Release|Any CPU.Build.0 = Release|Any CPU
		{EADE4D06-4340-49CC-B727-224EA778F9E4}.Debug|Any CPU.ActiveCfg = Debug|Any CPU
		{EADE4D06-4340-49CC-B727-224EA778F9E4}.Debug|Any CPU.Build.0 = Debug|Any CPU
		{EADE4D06-4340-49CC-B727-224EA778F9E4}.Release|Any CPU.ActiveCfg = Release|Any CPU
		{EADE4D06-4340-49CC-B727-224EA778F9E4}.Release|Any CPU.Build.0 = Release|Any CPU
		{0015B8BC-0D24-4C9F-AADA-83D9AD838D69}.Debug|Any CPU.ActiveCfg = Debug|Any CPU
		{0015B8BC-0D24-4C9F-AADA-83D9AD838D69}.Debug|Any CPU.Build.0 = Debug|Any CPU
		{0015B8BC-0D24-4C9F-AADA-83D9AD838D69}.Release|Any CPU.ActiveCfg = Release|Any CPU
		{0015B8BC-0D24-4C9F-AADA-83D9AD838D69}.Release|Any CPU.Build.0 = Release|Any CPU
	EndGlobalSection
	GlobalSection(SolutionProperties) = preSolution
		HideSolutionNode = FALSE
	EndGlobalSection
	GlobalSection(ExtensibilityGlobals) = postSolution
		SolutionGuid = {E43F848A-AD68-4080-BB15-FFDB555F067A}
	EndGlobalSection
EndGlobal
